
Microsoft Visual Studio Solution File, Format Version 11.00
# Visual Studio 2010
Project("{FAE04EC0-301F-11D3-BF4B-00C04F79EFBC}") = "rfid camera server", "rfid camera server.csproj", "{BAEFF030-5263-47C5-84E4-91B3C44C5131}"
EndProject
Project("{2150E333-8FDC-42A3-9474-1A3956D46DE8}") = "Solution Items", "Solution Items", "{D04B1C97-A3CA-44F7-86FE-5805E9CD8A5B}"
EndProject
Global
	GlobalSection(SolutionConfigurationPlatforms) = preSolution
		Debug|x86 = Debug|x86
		Release|x86 = Release|x86
	EndGlobalSection
	GlobalSection(ProjectConfigurationPlatforms) = postSolution
		{BAEFF030-5263-47C5-84E4-91B3C44C5131}.Debug|x86.ActiveCfg = Debug|x86
		{BAEFF030-5263-47C5-84E4-91B3C44C5131}.Debug|x86.Build.0 = Debug|x86
		{BAEFF030-5263-47C5-84E4-91B3C44C5131}.Release|x86.ActiveCfg = Release|x86
		{BAEFF030-5263-47C5-84E4-91B3C44C5131}.Release|x86.Build.0 = Release|x86
	EndGlobalSection
	GlobalSection(SolutionProperties) = preSolution
		HideSolutionNode = FALSE
	EndGlobalSection
EndGlobal
